<?xml version="1.0" encoding="UTF-8" standalone="yes" ?>
<CodeBlocks_project_file>
	<FileVersion major="1" minor="6" />
	<Project>
		<Option title="gglib" />
		<Option pch_mode="2" />
		<Option compiler="gcc" />
		<Build>
			<Target title="Debug">
				<Option output="bin/gglib_d" prefix_auto="1" extension_auto="1" />
				<Option object_output="obj/debug/" />
				<Option type="1" />
				<Option compiler="gcc" />
				<Compiler>
					<Add option="-g" />
				</Compiler>
			</Target>
			<Target title="Release">
				<Option output="bin/gglib" prefix_auto="1" extension_auto="1" />
				<Option object_output="obj/release/" />
				<Option type="1" />
				<Option compiler="gcc" />
				<Compiler>
					<Add option="-Os" />
					<Add option="-O3" />
				</Compiler>
				<Linker>
					<Add option="-s" />
				</Linker>
			</Target>
			<Target title="Profile">
				<Option output="bin/gglib_p" prefix_auto="1" extension_auto="1" />
				<Option object_output="obj/profile/" />
				<Option type="1" />
				<Option compiler="gcc" />
				<Compiler>
					<Add option="-pg" />
					<Add option="-g" />
				</Compiler>
				<Linker>
					<Add option="-pg -lgmon" />
				</Linker>
			</Target>
		</Build>
		<Compiler>
			<Add option="-march=i486" />
			<Add option="-std=c++11" />
			<Add option="-Wall" />
			<Add option="-fexceptions" />
			<Add option="-static" />
			<Add directory="." />
			<Add directory="include" />
			<Add directory="src" />
			<Add directory="ext/tinythread++" />
		</Compiler>
		<Linker>
			<Add library="gdi32" />
			<Add library="comctl32" />
			<Add library="user32" />
			<Add library="uxtheme" />
			<Add library="dwmapi" />
			<Add library="ws2_32" />
			<Add directory="lib" />
		</Linker>
		<Unit filename="ext/tinythread++/fast_mutex.h" />
		<Unit filename="ext/tinythread++/tinythread.cpp" />
		<Unit filename="ext/tinythread++/tinythread.h" />
		<Unit filename="include/gg/application.hpp" />
		<Unit filename="include/gg/atomic.hpp" />
		<Unit filename="include/gg/buffer.hpp" />
		<Unit filename="include/gg/cast.hpp" />
		<Unit filename="include/gg/console.hpp" />
		<Unit filename="include/gg/enumerator.hpp" />
		<Unit filename="include/gg/eventmgr.hpp" />
		<Unit filename="include/gg/expression.hpp" />
		<Unit filename="include/gg/function.hpp" />
		<Unit filename="include/gg/iniparser.hpp" />
		<Unit filename="include/gg/logger.hpp" />
		<Unit filename="include/gg/netmgr.hpp" />
		<Unit filename="include/gg/optional.hpp" />
		<Unit filename="include/gg/refcounted.hpp" />
		<Unit filename="include/gg/scripteng.hpp" />
		<Unit filename="include/gg/serializer.hpp" />
		<Unit filename="include/gg/smart_iterator.hpp" />
		<Unit filename="include/gg/taskmgr.hpp" />
		<Unit filename="include/gg/timer.hpp" />
		<Unit filename="include/gg/typeinfo.hpp" />
		<Unit filename="include/gg/util.hpp">
			<Option weight="60" />
		</Unit>
		<Unit filename="include/gg/var.hpp" />
		<Unit filename="include/gglib.hpp" />
		<Unit filename="main.cpp" />
		<Unit filename="src/c_application.cpp" />
		<Unit filename="src/c_application.hpp" />
		<Unit filename="src/c_buffer.cpp" />
		<Unit filename="src/c_buffer.hpp" />
		<Unit filename="src/c_console.cpp" />
		<Unit filename="src/c_console.hpp">
			<Option target="Release" />
		</Unit>
		<Unit filename="src/c_console_out.cpp" />
		<Unit filename="src/c_eventmgr.cpp" />
		<Unit filename="src/c_eventmgr.hpp" />
		<Unit filename="src/c_expression.cpp" />
		<Unit filename="src/c_expression.hpp" />
		<Unit filename="src/c_iniparser.cpp" />
		<Unit filename="src/c_iniparser.hpp" />
		<Unit filename="src/c_logger.cpp" />
		<Unit filename="src/c_logger.hpp" />
		<Unit filename="src/c_netmgr.cpp" />
		<Unit filename="src/c_netmgr.hpp" />
		<Unit filename="src/c_scripteng.cpp" />
		<Unit filename="src/c_scripteng.hpp" />
		<Unit filename="src/c_serializer.cpp" />
		<Unit filename="src/c_serializer.hpp" />
		<Unit filename="src/c_taskmgr.cpp" />
		<Unit filename="src/c_taskmgr.hpp" />
		<Unit filename="src/c_timer.cpp" />
		<Unit filename="src/c_timer.hpp" />
		<Unit filename="src/function.cpp" />
		<Unit filename="src/optional.cpp" />
		<Unit filename="src/refcounted.cpp" />
		<Unit filename="src/threadglobal.hpp" />
		<Unit filename="src/typeinfo.cpp" />
		<Unit filename="src/util.cpp" />
		<Unit filename="src/var.cpp" />
		<Unit filename="src/win32_aero.hpp" />
		<Extensions>
			<code_completion />
			<debugger />
			<envvars />
		</Extensions>
	</Project>
</CodeBlocks_project_file>
